{
  "name": "ECO-Project",
  "lockfileVersion": 3,
  "requires": true,
  "packages": {
    "": {
      "dependencies": {
        "@digitalpersona/devices": "^0.2.6",
        "@digitalpersona/fingerprint": "^1.0.0",
        "@digitalpersona/websdk": "^1.1.0"
      }
    },
    "node_modules/@digitalpersona/core": {
      "version": "0.2.6",
      "resolved": "https://registry.npmjs.org/@digitalpersona/core/-/core-0.2.6.tgz",
      "integrity": "sha512-wI9TNLYuPbl77mgsod3ugB9fy9LMJ/pybnyQsPGXVHLD7x6rZ+U9AqYSLPPQ3agGRfysxgyN808bNxt0AspG7Q==",
      "license": "MIT",
      "dependencies": {
        "tslib": "^1.9.3"
      }
    },
    "node_modules/@digitalpersona/devices": {
      "version": "0.2.6",
      "resolved": "https://registry.npmjs.org/@digitalpersona/devices/-/devices-0.2.6.tgz",
      "integrity": "sha512-e+D45kYZTmEvE7xGov0+64+cuSc9jVfejqD/OZKSbeOlPSTlk9cxUKh9Acy2HsSRMq+AFm/bL3nKxGTqV6bx4g==",
      "license": "MIT",
      "dependencies": {
        "@digitalpersona/core": "^0.2",
        "@digitalpersona/services": "^0.2",
        "tslib": "^1.9.3"
      }
    },
    "node_modules/@digitalpersona/fingerprint": {
      "version": "1.0.0",
      "resolved": "https://registry.npmjs.org/@digitalpersona/fingerprint/-/fingerprint-1.0.0.tgz",
      "integrity": "sha512-gT4v1/0BfPZivaC7kDdkWber+kto9aVwO/CkmmUrL8PsKEmxUspGg0UQttlIyW+lrJg/Ov1zoGQM8KFHkUCt2w==",
      "license": "MIT",
      "dependencies": {
        "tslib": "^2.7.0"
      },
      "peerDependencies": {
        "@digitalpersona/websdk": "^1.0.1"
      }
    },
    "node_modules/@digitalpersona/fingerprint/node_modules/tslib": {
      "version": "2.8.1",
      "resolved": "https://registry.npmjs.org/tslib/-/tslib-2.8.1.tgz",
      "integrity": "sha512-oJFu94HQb+KVduSUQL7wnpmqnfmLsOA/nAh6b6EH0wCEoK0/mPeXU6c3wKDV83MkOuHPRHtSXKKU99IBazS/2w==",
      "license": "0BSD"
    },
    "node_modules/@digitalpersona/services": {
      "version": "0.2.8",
      "resolved": "https://registry.npmjs.org/@digitalpersona/services/-/services-0.2.8.tgz",
      "integrity": "sha512-rO+hCaV3eplhnVIB+fJr1WdM3BVU2hfWHxr2V+5CRH05dRUKJCj/21j4I32MlYQNNASkw/3/OMS88KXGyZuaxw==",
      "license": "MIT",
      "dependencies": {
        "@digitalpersona/core": "^0.2",
        "tslib": "^1.9.3"
      }
    },
    "node_modules/@digitalpersona/websdk": {
      "version": "1.1.0",
      "resolved": "https://registry.npmjs.org/@digitalpersona/websdk/-/websdk-1.1.0.tgz",
      "integrity": "sha512-lpjDQhi6Vy8YGu6VMoX2e2jxsqfTmx0Z4LOPKn/ApqUXgJP6SWFfXC/ZVP8EX9C/0QToFyQWdLylzYkGzs6gwg==",
      "license": "MIT",
      "peer": true
    },
    "node_modules/tslib": {
      "version": "1.14.1",
      "resolved": "https://registry.npmjs.org/tslib/-/tslib-1.14.1.tgz",
      "integrity": "sha512-Xni35NKzjgMrwevysHTCArtLDpPvye8zV/0E4EyYn43P7/7qvQwPh9BGkHewbMulVntbigmcT7rdX3BNo9wRJg==",
      "license": "0BSD"
    }
  }
}
